
Microsoft Visual Studio Solution File, Format Version 12.00
# Visual Studio Version 17
VisualStudioVersion = 17.7.34024.191
MinimumVisualStudioVersion = 10.0.40219.1
Project("{FAE04EC0-301F-11D3-BF4B-00C04F79EFBC}") = "pizzeria-app", "pizzeria-app.csproj", "{D232F4A4-9B25-48B4-926B-CDA65229B87E}"
EndProject
Global
	GlobalSection(SolutionConfigurationPlatforms) = preSolution
		Debug|Any CPU = Debug|Any CPU
		Release|Any CPU = Release|Any CPU
	EndGlobalSection
	GlobalSection(ProjectConfigurationPlatforms) = postSolution
		{D232F4A4-9B25-48B4-926B-CDA65229B87E}.Debug|Any CPU.ActiveCfg = Debug|Any CPU
		{D232F4A4-9B25-48B4-926B-CDA65229B87E}.Debug|Any CPU.Build.0 = Debug|Any CPU
		{D232F4A4-9B25-48B4-926B-CDA65229B87E}.Release|Any CPU.ActiveCfg = Release|Any CPU
		{D232F4A4-9B25-48B4-926B-CDA65229B87E}.Release|Any CPU.Build.0 = Release|Any CPU
	EndGlobalSection
	GlobalSection(SolutionProperties) = preSolution
		HideSolutionNode = FALSE
	EndGlobalSection
	GlobalSection(ExtensibilityGlobals) = postSolution
		SolutionGuid = {CFDFC8C5-C77B-465D-87CC-0E2BA990BE4C}
	EndGlobalSection
EndGlobal
